<?xml version="1.0" encoding="utf-8"?>
<Project ToolsVersion="4.0" xmlns="http://schemas.microsoft.com/developer/msbuild/2003">
  <ItemGroup>
    <Filter Include="Docs">
      <UniqueIdentifier>{F6A7B8C9-D0E1-2345-6789-01234F567890}</UniqueIdentifier>
    </Filter>
    <Filter Include="Testing">
      <UniqueIdentifier>{A7B8C9D0-E1F2-3456-7890-12345A678901}</UniqueIdentifier>
    </Filter>
  </ItemGroup>
  <ItemGroup>
    <None Include="dia.mesh3d.architecture.module.md">
      <Filter>Docs</Filter>
    </None>
  </ItemGroup>
  <ItemGroup>
    <ClInclude Include="Mesh3DAsset.h" />
    <ClInclude Include="Mesh3DBinaryReader.h" />
    <ClInclude Include="Vertex3D.h" />
    <ClInclude Include="Submesh.h" />
  </ItemGroup>
  <ItemGroup>
    <ClCompile Include="Mesh3DAsset.cpp" />
    <ClCompile Include="Mesh3DBinaryReader.cpp" />
  </ItemGroup>
</Project>
