<?xml version="1.0" encoding="utf-8"?>
<Project ToolsVersion="4.0" xmlns="http://schemas.microsoft.com/developer/msbuild/2003">
  <ItemGroup>
    <ClInclude Include="DebugServer.h" />
    <ClInclude Include="DebugServerLogSink.h" />
    <ClInclude Include="IDebugStateProvider.h" />
    <ClInclude Include="IStreamTapTarget.h" />
    <ClInclude Include="StateSerializer.h" />
    <ClInclude Include="CommandDispatcher.h" />
    <ClInclude Include="QueryRegistry.h" />
    <ClInclude Include="IInspectorDataSource.h">
    <ClInclude Include="InspectorDataSourceBase.h">
      <Filter>DiaDebugServer</Filter>
    </ClInclude>
      <Filter>DiaDebugServer</Filter>
    </ClInclude>
  </ItemGroup>
  <ItemGroup>
    <ClCompile Include="DebugServer.cpp" />
    <ClCompile Include="DebugServerLogSink.cpp" />
    <ClCompile Include="StateSerializer.cpp" />
    <ClCompile Include="CommandDispatcher.cpp" />
    <ClCompile Include="QueryRegistry.cpp" />
  </ItemGroup>
</Project>
