<?xml version="1.0" encoding="utf-8"?>
<Project ToolsVersion="4.0" xmlns="http://schemas.microsoft.com/developer/msbuild/2003">
  <ItemGroup>
    <Filter Include="Modules">
      <UniqueIdentifier>{3c25b1d8-299a-4a1b-ad3e-fa82cc4b198a}</UniqueIdentifier>
    </Filter>
    <Filter Include="Types">
      <UniqueIdentifier>{b2c3d4e5-f6a7-8901-bcde-f12345678902}</UniqueIdentifier>
    </Filter>
  </ItemGroup>
  <ItemGroup>
    <ClCompile Include="Modules\AssetServiceModule.cpp">
      <Filter>Modules</Filter>
    </ClCompile>
    <ClCompile Include="Modules\InputStreamModule.cpp">
      <Filter>Modules</Filter>
    </ClCompile>
    <ClCompile Include="Modules\KernelModule.cpp">
      <Filter>Modules</Filter>
    </ClCompile>
    <ClCompile Include="Modules\LoadingScreenModule.cpp">
      <Filter>Modules</Filter>
    </ClCompile>
    <ClCompile Include="Modules\LoggerModule.cpp">
      <Filter>Modules</Filter>
    </ClCompile>
    <ClCompile Include="Modules\RenderModule.cpp">
      <Filter>Modules</Filter>
    </ClCompile>
    <ClCompile Include="Modules\TimeServerModule.cpp">
      <Filter>Modules</Filter>
    </ClCompile>
    <ClCompile Include="Modules\UIModule.cpp">
      <Filter>Modules</Filter>
    </ClCompile>
  </ItemGroup>
  <ItemGroup>
    <ClInclude Include="Modules\AssetServiceModule.h">
      <Filter>Modules</Filter>
    </ClInclude>
    <ClInclude Include="Modules\InputStreamModule.h">
      <Filter>Modules</Filter>
    </ClInclude>
    <ClInclude Include="Modules\KernelModule.h">
      <Filter>Modules</Filter>
    </ClInclude>
    <ClInclude Include="Modules\LoadingScreenModule.h">
      <Filter>Modules</Filter>
    </ClInclude>
    <ClInclude Include="Modules\LoggerModule.h">
      <Filter>Modules</Filter>
    </ClInclude>
    <ClInclude Include="Modules\RenderModule.h">
      <Filter>Modules</Filter>
    </ClInclude>
    <ClInclude Include="Modules\TimeServerModule.h">
      <Filter>Modules</Filter>
    </ClInclude>
    <ClInclude Include="Modules\UIModule.h">
      <Filter>Modules</Filter>
    </ClInclude>
    <ClInclude Include="Types\InputEvent.h">
      <Filter>Types</Filter>
    </ClInclude>
    <ClInclude Include="Types\UICommand.h">
      <Filter>Types</Filter>
    </ClInclude>
  </ItemGroup>
</Project>
