<?xml version="1.0" encoding="utf-8"?>
<Project ToolsVersion="4.0" xmlns="http://schemas.microsoft.com/developer/msbuild/2003">
  <ItemGroup>
    <Filter Include="Headers">
      <UniqueIdentifier>{11111111-2222-3333-4444-555555555551}</UniqueIdentifier>
    </Filter>
    <Filter Include="Source">
      <UniqueIdentifier>{11111111-2222-3333-4444-555555555552}</UniqueIdentifier>
    </Filter>
  </ItemGroup>
</Project>
