<?xml version="1.0" encoding="utf-8"?>
<Project ToolsVersion="4.0" xmlns="http://schemas.microsoft.com/developer/msbuild/2003">
  <ItemGroup>
    <ClCompile Include="Main.cpp" />
  </ItemGroup>
  <ItemGroup>
    <Filter Include="Source">
      <UniqueIdentifier>{fb0f7af3-faaf-4448-a5ae-d15aeaec192b}</UniqueIdentifier>
    </Filter>
  </ItemGroup>
</Project>