<?xml version="1.0" encoding="utf-8"?>
<Project ToolsVersion="4.0" xmlns="http://schemas.microsoft.com/developer/msbuild/2003">
  <ItemGroup>
    <Filter Include="Loader">
      <UniqueIdentifier>{A1B2C3D4-E5F6-4789-A012-3456789ABCDE}</UniqueIdentifier>
    </Filter>
    <Filter Include="Manifest">
      <UniqueIdentifier>{4FC737F1-C7A5-4376-A066-2A32D752A2FF}</UniqueIdentifier>
    </Filter>
    <Filter Include="TypeRegistry">
      <UniqueIdentifier>{67DA6AB6-F800-4c08-8B7A-83BB121AAD01}</UniqueIdentifier>
    </Filter>
    <Filter Include="Introspection">
      <UniqueIdentifier>{B8C9D0E1-F2A3-4567-B890-123456789DEF}</UniqueIdentifier>
    </Filter>
    <Filter Include="Metrics">
      <UniqueIdentifier>{C9D0E1F2-A3B4-5678-C901-234567890ABC}</UniqueIdentifier>
    </Filter>
    <Filter Include="Streams">
      <UniqueIdentifier>{D0E1F2A3-B4C5-6789-D012-345678901BCD}</UniqueIdentifier>
    </Filter>
  </ItemGroup>
  <ItemGroup>
    <ClCompile Include="Application.cpp" />
    <ClCompile Include="Module.cpp" />
    <ClCompile Include="ProcessingUnit.cpp" />
    <ClCompile Include="TypeRegistry.cpp" />
    <ClCompile Include="ApplicationProcessingUnit.cpp" />
    <ClCompile Include="ApplicationStateObject.cpp" />
    <ClCompile Include="ApplicationPhase.cpp" />
    <ClCompile Include="ApplicationModule.cpp" />
    <ClCompile Include="MessageBus.cpp" />
    <ClCompile Include="HotReloadManager.cpp" />
    <ClCompile Include="Loader\ApplicationLoader.cpp">
      <Filter>Loader</Filter>
    </ClCompile>
    <ClCompile Include="Manifest\ApplicationManifest.cpp">
      <Filter>Manifest</Filter>
    </ClCompile>
    <ClCompile Include="Manifest\ApplicationManifestLoader.cpp">
      <Filter>Manifest</Filter>
    </ClCompile>
    <ClCompile Include="Manifest\ApplicationManifestLoaderV2.cpp">
      <Filter>Manifest</Filter>
    </ClCompile>
    <ClCompile Include="Manifest\ManifestComposer.cpp">
      <Filter>Manifest</Filter>
    </ClCompile>
    <ClCompile Include="Manifest\ManifestValidator.cpp">
      <Filter>Manifest</Filter>
    </ClCompile>
    <ClCompile Include="Manifest\ManifestComposerV2.cpp">
      <Filter>Manifest</Filter>
    </ClCompile>
    <ClCompile Include="Manifest\ManifestValidatorV2.cpp">
      <Filter>Manifest</Filter>
    </ClCompile>
    <ClCompile Include="TypeRegistry\ApplicationTypeRegistry.cpp">
      <Filter>TypeRegistry</Filter>
    </ClCompile>
    <ClCompile Include="Introspection\ApplicationIntrospector.cpp">
      <Filter>Introspection</Filter>
    </ClCompile>
    <ClCompile Include="Metrics\MetricsCollectorModule.cpp">
      <Filter>Metrics</Filter>
    </ClCompile>
  </ItemGroup>
  <ItemGroup>
    <ClInclude Include="Application.h" />
    <ClInclude Include="IApplicationInspectable.h" />
    <ClInclude Include="IApplicationControl.h" />
    <ClInclude Include="Module.h" />
    <ClInclude Include="Streams\IStreamStore.h">
      <Filter>Streams</Filter>
    </ClInclude>
    <ClInclude Include="Streams\FrameStreamStore.h">
      <Filter>Streams</Filter>
    </ClInclude>
    <ClInclude Include="Streams\EventStreamStore.h">
      <Filter>Streams</Filter>
    </ClInclude>
    <ClInclude Include="Streams\StreamWriter.h">
      <Filter>Streams</Filter>
    </ClInclude>
    <ClInclude Include="Streams\StreamReader.h">
      <Filter>Streams</Filter>
    </ClInclude>
    <ClInclude Include="Streams\EventStreamWriter.h">
      <Filter>Streams</Filter>
    </ClInclude>
    <ClInclude Include="Streams\EventStreamReader.h">
      <Filter>Streams</Filter>
    </ClInclude>
    <ClInclude Include="ProcessingUnit.h" />
    <ClInclude Include="TypeRegistry.h" />
    <ClInclude Include="ModuleRefV2.h" />
    <ClInclude Include="RegistrationMacrosV2.h" />
    <ClInclude Include="ApplicationProcessingUnit.h" />
    <ClInclude Include="ApplicationStateObject.h" />
    <ClInclude Include="ApplicationModule.h" />
    <ClInclude Include="ModuleRef.h" />
    <ClInclude Include="ApplicationPhase.h" />
    <ClInclude Include="MessageBus.h" />
    <ClInclude Include="Loader\ApplicationLoader.h">
      <Filter>Loader</Filter>
    </ClInclude>
    <ClInclude Include="Manifest\ApplicationManifest.h">
      <Filter>Manifest</Filter>
    </ClInclude>
    <ClInclude Include="Manifest\ApplicationManifestLoader.h">
      <Filter>Manifest</Filter>
    </ClInclude>
    <ClInclude Include="Manifest\ApplicationManifestV2.h">
      <Filter>Manifest</Filter>
    </ClInclude>
    <ClInclude Include="Manifest\ApplicationManifestLoaderV2.h">
      <Filter>Manifest</Filter>
    </ClInclude>
    <ClInclude Include="Manifest\ManifestComposer.h">
      <Filter>Manifest</Filter>
    </ClInclude>
    <ClInclude Include="Manifest\ManifestValidator.h">
      <Filter>Manifest</Filter>
    </ClInclude>
    <ClInclude Include="Manifest\ManifestComposerV2.h">
      <Filter>Manifest</Filter>
    </ClInclude>
    <ClInclude Include="Manifest\ManifestValidatorV2.h">
      <Filter>Manifest</Filter>
    </ClInclude>
    <ClInclude Include="Manifest\TypedImport.h">
      <Filter>Manifest</Filter>
    </ClInclude>
    <ClInclude Include="TypeRegistry\ApplicationTypeRegistry.h">
      <Filter>TypeRegistry</Filter>
    </ClInclude>
    <ClInclude Include="Introspection\ApplicationIntrospector.h">
      <Filter>Introspection</Filter>
    </ClInclude>
    <ClInclude Include="DebugDataTypes.h" />
    <ClInclude Include="Metrics\MetricsCollectorModule.h">
      <Filter>Metrics</Filter>
    </ClInclude>
  </ItemGroup>
</Project>