<?xml version="1.0" encoding="utf-8"?>
<Project ToolsVersion="4.0" xmlns="http://schemas.microsoft.com/developer/msbuild/2003">
  <ItemGroup>
    <Filter Include="Loader">
      <UniqueIdentifier>{A1B2C3D4-E5F6-4789-A012-3456789ABCDE}</UniqueIdentifier>
    </Filter>
    <Filter Include="Manifest">
      <UniqueIdentifier>{4FC737F1-C7A5-4376-A066-2A32D752A2FF}</UniqueIdentifier>
    </Filter>
    <Filter Include="TypeRegistry">
      <UniqueIdentifier>{67DA6AB6-F800-4c08-8B7A-83BB121AAD01}</UniqueIdentifier>
    </Filter>
    <Filter Include="Introspection">
      <UniqueIdentifier>{B8C9D0E1-F2A3-4567-B890-123456789DEF}</UniqueIdentifier>
    </Filter>
    <Filter Include="Metrics">
      <UniqueIdentifier>{C9D0E1F2-A3B4-5678-C901-234567890ABC}</UniqueIdentifier>
    </Filter>
    <Filter Include="Streams">
      <UniqueIdentifier>{D0E1F2A3-B4C5-6789-D012-345678901BCD}</UniqueIdentifier>
    </Filter>
  </ItemGroup>
  <ItemGroup>
    <ClCompile Include="Application.cpp" />
    <ClCompile Include="LifecycleEvent.cpp" />
    <ClCompile Include="Module.cpp" />
    <ClCompile Include="ProcessingUnit.cpp" />
    <ClCompile Include="TypeRegistry.cpp" />
    <ClCompile Include="Manifest\ApplicationManifestLoaderV2.cpp">
      <Filter>Manifest</Filter>
    </ClCompile>
    <ClCompile Include="Manifest\ManifestComposerV2.cpp">
      <Filter>Manifest</Filter>
    </ClCompile>
    <ClCompile Include="Manifest\ManifestValidatorV2.cpp">
      <Filter>Manifest</Filter>
    </ClCompile>
    <ClCompile Include="Streams\StreamTypeRegistry.cpp">
      <Filter>Streams</Filter>
    </ClCompile>
  </ItemGroup>
  <ItemGroup>
    <ClInclude Include="Application.h" />
    <ClInclude Include="IApplicationInspectable.h" />
    <ClInclude Include="IApplicationControl.h" />
    <ClInclude Include="LifecycleEvent.h" />
    <ClInclude Include="Module.h" />
    <ClInclude Include="Streams\IStreamStore.h">
      <Filter>Streams</Filter>
    </ClInclude>
    <ClInclude Include="Streams\FrameStreamStore.h">
      <Filter>Streams</Filter>
    </ClInclude>
    <ClInclude Include="Streams\EventStreamStore.h">
      <Filter>Streams</Filter>
    </ClInclude>
    <ClInclude Include="Streams\Event.h">
      <Filter>Streams</Filter>
    </ClInclude>
    <ClInclude Include="Streams\SendResult.h">
      <Filter>Streams</Filter>
    </ClInclude>
    <ClInclude Include="Streams\OverflowPolicy.h">
      <Filter>Streams</Filter>
    </ClInclude>
    <ClInclude Include="Streams\StreamWriter.h">
      <Filter>Streams</Filter>
    </ClInclude>
    <ClInclude Include="Streams\StreamReader.h">
      <Filter>Streams</Filter>
    </ClInclude>
    <ClInclude Include="Streams\EventStreamWriter.h">
      <Filter>Streams</Filter>
    </ClInclude>
    <ClInclude Include="Streams\EventStreamReader.h">
      <Filter>Streams</Filter>
    </ClInclude>
    <ClInclude Include="Streams\StreamTypeRegistry.h">
      <Filter>Streams</Filter>
    </ClInclude>
    <ClInclude Include="ProcessingUnit.h" />
    <ClInclude Include="TypeRegistry.h" />
    <ClInclude Include="ModuleRefV2.h" />
    <ClInclude Include="RegistrationMacrosV2.h" />
    <ClInclude Include="ModuleRef.h" />
    <ClInclude Include="Manifest\ApplicationManifestV2.h">
      <Filter>Manifest</Filter>
    </ClInclude>
    <ClInclude Include="Manifest\ApplicationManifestLoaderV2.h">
      <Filter>Manifest</Filter>
    </ClInclude>
    <ClInclude Include="Manifest\ManifestComposerV2.h">
      <Filter>Manifest</Filter>
    </ClInclude>
    <ClInclude Include="Manifest\ManifestValidatorV2.h">
      <Filter>Manifest</Filter>
    </ClInclude>
    <ClInclude Include="DebugDataTypes.h" />
  </ItemGroup>
</Project>