<?xml version="1.0" encoding="utf-8"?>
<Project ToolsVersion="4.0" xmlns="http://schemas.microsoft.com/developer/msbuild/2003">
  <ItemGroup>
    <Filter Include="Docs">
      <UniqueIdentifier>{DSER001-A1B2-C3D4-E5F6-789012345678}</UniqueIdentifier>
    </Filter>
  </ItemGroup>
  <ItemGroup>
    <ClInclude Include="MetadataValue.h" />
    <ClInclude Include="JsonMetadataHelpers.h" />
    <ClInclude Include="SerializeResult.h" />
    <ClInclude Include="ISerializer.h" />
  </ItemGroup>
  <ItemGroup>
    <ClCompile Include="ISerializer.cpp" />
  </ItemGroup>
  <ItemGroup>
    <None Include="Docs\dia.serializer.architecture.module.md">
      <Filter>Docs</Filter>
    </None>
  </ItemGroup>
</Project>
