<?xml version="1.0" encoding="utf-8"?>
<Project ToolsVersion="4.0" xmlns="http://schemas.microsoft.com/developer/msbuild/2003">
  <ItemGroup>
    <Filter Include="Source">
      <UniqueIdentifier>{FA424A66-5E19-5666-9B51-C33295821FB4}</UniqueIdentifier>
    </Filter>
    <Filter Include="UI">
      <UniqueIdentifier>{07EFBF3C-34EF-5F69-A6FD-0F6B8AA43675}</UniqueIdentifier>
    </Filter>
  </ItemGroup>
  <ItemGroup>
    <ClCompile Include="DiaSchemaBrowserPlugin.cpp">
      <Filter>Source</Filter>
    </ClCompile>
  </ItemGroup>
  <ItemGroup>
    <ClInclude Include="DiaSchemaBrowserPlugin.h">
      <Filter>Source</Filter>
    </ClInclude>
  </ItemGroup>
</Project>
