<?xml version="1.0" encoding="utf-8"?>
<Project ToolsVersion="4.0" xmlns="http://schemas.microsoft.com/developer/msbuild/2003">
  <ItemGroup>
    <None Include="dia.messagebus.architecture.module.md" />
  </ItemGroup>
  <ItemGroup>
    <ClCompile Include="Bus.cpp">
      <Filter>Source Files</Filter>
    </ClCompile>
    <ClCompile Include="BroadcastRouter.cpp">
      <Filter>Source Files</Filter>
    </ClCompile>
    <ClCompile Include="BusSubscriptionHandle.cpp">
      <Filter>Source Files</Filter>
    </ClCompile>
    <ClCompile Include="MessageBusModule.cpp">
      <Filter>Source Files</Filter>
    </ClCompile>
  </ItemGroup>
  <ItemGroup>
    <ClInclude Include="Bus.h">
      <Filter>Header Files</Filter>
    </ClInclude>
    <ClInclude Include="BusTypes.h">
      <Filter>Header Files</Filter>
    </ClInclude>
    <ClInclude Include="IFlushAdapter.h">
      <Filter>Header Files</Filter>
    </ClInclude>
    <ClInclude Include="LedgerSnapshot.h">
      <Filter>Header Files</Filter>
    </ClInclude>
    <ClInclude Include="BusSubscriptionHandle.h">
      <Filter>Header Files</Filter>
    </ClInclude>
    <ClInclude Include="BroadcastRouter.h">
      <Filter>Header Files</Filter>
    </ClInclude>
    <ClInclude Include="MessageBusModule.h">
      <Filter>Header Files</Filter>
    </ClInclude>
  </ItemGroup>
  <ItemGroup>
    <Filter Include="Source Files">
      <UniqueIdentifier>{A1B2C3D4-E5F6-7890-DEFA-012345678901}</UniqueIdentifier>
    </Filter>
    <Filter Include="Header Files">
      <UniqueIdentifier>{B2C3D4E5-F6A7-8901-EFAB-123456789012}</UniqueIdentifier>
    </Filter>
  </ItemGroup>
</Project>
