
Microsoft Visual Studio Solution File, Format Version 12.00
# Visual Studio 14
VisualStudioVersion = 14.0.25123.0
MinimumVisualStudioVersion = 10.0.40219.1
Project("{2150E333-8FDC-42A3-9474-1A3956D46DE8}") = "Library", "Library", "{2291F464-9B87-42F1-AA90-34FE22DD5F9B}"
	ProjectSection(SolutionItems) = preProject
		..\Dia\DiaApplication\ApplicationModule.cpp = ..\Dia\DiaApplication\ApplicationModule.cpp
		..\Dia\DiaApplication\ApplicationModule.h = ..\Dia\DiaApplication\ApplicationModule.h
		..\Dia\DiaApplication\ApplicationPhase.cpp = ..\Dia\DiaApplication\ApplicationPhase.cpp
		..\Dia\DiaApplication\ApplicationPhase.h = ..\Dia\DiaApplication\ApplicationPhase.h
	EndProjectSection
EndProject
Project("{2150E333-8FDC-42A3-9474-1A3956D46DE8}") = "Executables", "Executables", "{86CA7611-D55D-411B-8784-187D12107EE0}"
EndProject
Project("{8BC9CEB8-8B4A-11D0-8D11-00A0C91BC942}") = "UnitTests", "UnitTests\UnitTests.vcxproj", "{FFFEB7B0-7616-4D75-8E3D-08C7CFD93D71}"
	ProjectSection(ProjectDependencies) = postProject
		{1CF9F92B-666E-4B39-9DDE-B1CFBEF68618} = {1CF9F92B-666E-4B39-9DDE-B1CFBEF68618}
		{52178C86-628D-4FE4-AE55-D3485FAEC070} = {52178C86-628D-4FE4-AE55-D3485FAEC070}
		{936FA28F-E171-401F-8185-D2AF48DB4098} = {936FA28F-E171-401F-8185-D2AF48DB4098}
		{D0101596-9011-46AF-A16A-69A2BB0CCA69} = {D0101596-9011-46AF-A16A-69A2BB0CCA69}
		{DD3D58EF-028B-42CB-B837-0042BA30D96F} = {DD3D58EF-028B-42CB-B837-0042BA30D96F}
	EndProjectSection
EndProject
Project("{8BC9CEB8-8B4A-11D0-8D11-00A0C91BC942}") = "DiaCore", "..\Dia\DiaCore\DiaCore.vcxproj", "{8D41CBE3-C493-428D-95F3-627E56500667}"
EndProject
Project("{8BC9CEB8-8B4A-11D0-8D11-00A0C91BC942}") = "DiaMaths", "..\Dia\DiaMaths\DiaMaths.vcxproj", "{2BBA0AD3-D449-4C0E-8C84-ACFA8BCA456B}"
EndProject
Project("{8BC9CEB8-8B4A-11D0-8D11-00A0C91BC942}") = "DiaGraphics", "..\Dia\DiaGraphics\DiaGraphics.vcxproj", "{1CF9F92B-666E-4B39-9DDE-B1CFBEF68618}"
	ProjectSection(ProjectDependencies) = postProject
		{835CA128-691F-4CEA-A0B3-CE6E41C394E7} = {835CA128-691F-4CEA-A0B3-CE6E41C394E7}
		{2BBA0AD3-D449-4C0E-8C84-ACFA8BCA456B} = {2BBA0AD3-D449-4C0E-8C84-ACFA8BCA456B}
		{8D41CBE3-C493-428D-95F3-627E56500667} = {8D41CBE3-C493-428D-95F3-627E56500667}
	EndProjectSection
EndProject
Project("{8BC9CEB8-8B4A-11D0-8D11-00A0C91BC942}") = "DiaApplication", "..\Dia\DiaApplication\DiaApplication.vcxproj", "{DD3D58EF-028B-42CB-B837-0042BA30D96F}"
EndProject
Project("{8BC9CEB8-8B4A-11D0-8D11-00A0C91BC942}") = "Cluiche", "Cluiche\Cluiche.vcxproj", "{CEC960D4-B8B3-463B-9F68-716C5C3C4315}"
	ProjectSection(ProjectDependencies) = postProject
		{A5B2650D-8283-483F-827E-CA29140CFA63} = {A5B2650D-8283-483F-827E-CA29140CFA63}
		{835CA128-691F-4CEA-A0B3-CE6E41C394E7} = {835CA128-691F-4CEA-A0B3-CE6E41C394E7}
		{1CF9F92B-666E-4B39-9DDE-B1CFBEF68618} = {1CF9F92B-666E-4B39-9DDE-B1CFBEF68618}
		{52178C86-628D-4FE4-AE55-D3485FAEC070} = {52178C86-628D-4FE4-AE55-D3485FAEC070}
		{936FA28F-E171-401F-8185-D2AF48DB4098} = {936FA28F-E171-401F-8185-D2AF48DB4098}
		{D0101596-9011-46AF-A16A-69A2BB0CCA69} = {D0101596-9011-46AF-A16A-69A2BB0CCA69}
		{FFFEB7B0-7616-4D75-8E3D-08C7CFD93D71} = {FFFEB7B0-7616-4D75-8E3D-08C7CFD93D71}
		{2BBA0AD3-D449-4C0E-8C84-ACFA8BCA456B} = {2BBA0AD3-D449-4C0E-8C84-ACFA8BCA456B}
		{8D41CBE3-C493-428D-95F3-627E56500667} = {8D41CBE3-C493-428D-95F3-627E56500667}
		{DD3D58EF-028B-42CB-B837-0042BA30D96F} = {DD3D58EF-028B-42CB-B837-0042BA30D96F}
	EndProjectSection
EndProject
Project("{8BC9CEB8-8B4A-11D0-8D11-00A0C91BC942}") = "DiaWindow", "..\Dia\DiaWindow\DiaWindow.vcxproj", "{52178C86-628D-4FE4-AE55-D3485FAEC070}"
	ProjectSection(ProjectDependencies) = postProject
		{1CF9F92B-666E-4B39-9DDE-B1CFBEF68618} = {1CF9F92B-666E-4B39-9DDE-B1CFBEF68618}
	EndProjectSection
EndProject
Project("{8BC9CEB8-8B4A-11D0-8D11-00A0C91BC942}") = "DiaSFML", "..\Dia\DiaSFML\DiaSFML.vcxproj", "{D0101596-9011-46AF-A16A-69A2BB0CCA69}"
	ProjectSection(ProjectDependencies) = postProject
		{1CF9F92B-666E-4B39-9DDE-B1CFBEF68618} = {1CF9F92B-666E-4B39-9DDE-B1CFBEF68618}
		{52178C86-628D-4FE4-AE55-D3485FAEC070} = {52178C86-628D-4FE4-AE55-D3485FAEC070}
		{2BBA0AD3-D449-4C0E-8C84-ACFA8BCA456B} = {2BBA0AD3-D449-4C0E-8C84-ACFA8BCA456B}
		{8D41CBE3-C493-428D-95F3-627E56500667} = {8D41CBE3-C493-428D-95F3-627E56500667}
	EndProjectSection
EndProject
Project("{2150E333-8FDC-42A3-9474-1A3956D46DE8}") = "Prototypes", "Prototypes", "{EBA25838-6955-40C1-B5A9-68B931306AEC}"
EndProject
Project("{8BC9CEB8-8B4A-11D0-8D11-00A0C91BC942}") = "WebixTest", "WebixTest\WebixTest.vcxproj", "{AB8E1CE1-1FCB-4B17-9054-9CE101EE9E79}"
	ProjectSection(ProjectDependencies) = postProject
		{A5B2650D-8283-483F-827E-CA29140CFA63} = {A5B2650D-8283-483F-827E-CA29140CFA63}
	EndProjectSection
EndProject
Project("{8BC9CEB8-8B4A-11D0-8D11-00A0C91BC942}") = "DiaInput", "..\Dia\DiaInput\DiaInput.vcxproj", "{936FA28F-E171-401F-8185-D2AF48DB4098}"
EndProject
Project("{8BC9CEB8-8B4A-11D0-8D11-00A0C91BC942}") = "DiaGraphicTestWithUI", "DiaGraphicWithUITest\DiaGraphicTestWithUI.vcxproj", "{647D7522-76F5-459E-8023-73BF424B9AF0}"
	ProjectSection(ProjectDependencies) = postProject
		{A5B2650D-8283-483F-827E-CA29140CFA63} = {A5B2650D-8283-483F-827E-CA29140CFA63}
		{835CA128-691F-4CEA-A0B3-CE6E41C394E7} = {835CA128-691F-4CEA-A0B3-CE6E41C394E7}
		{936FA28F-E171-401F-8185-D2AF48DB4098} = {936FA28F-E171-401F-8185-D2AF48DB4098}
	EndProjectSection
EndProject
Project("{8BC9CEB8-8B4A-11D0-8D11-00A0C91BC942}") = "DiaUI", "..\Dia\DiaUI\DiaUI.vcxproj", "{835CA128-691F-4CEA-A0B3-CE6E41C394E7}"
	ProjectSection(ProjectDependencies) = postProject
		{936FA28F-E171-401F-8185-D2AF48DB4098} = {936FA28F-E171-401F-8185-D2AF48DB4098}
		{8D41CBE3-C493-428D-95F3-627E56500667} = {8D41CBE3-C493-428D-95F3-627E56500667}
	EndProjectSection
EndProject
Project("{8BC9CEB8-8B4A-11D0-8D11-00A0C91BC942}") = "DiaUIAwesomium", "..\Dia\DiaUIAwesomium\DiaUIAwesomium.vcxproj", "{A5B2650D-8283-483F-827E-CA29140CFA63}"
	ProjectSection(ProjectDependencies) = postProject
		{835CA128-691F-4CEA-A0B3-CE6E41C394E7} = {835CA128-691F-4CEA-A0B3-CE6E41C394E7}
	EndProjectSection
EndProject
Project("{2150E333-8FDC-42A3-9474-1A3956D46DE8}") = "Levels", "Levels", "{985EFEB6-F25F-4707-ABDD-5E3458441C08}"
EndProject
Project("{8BC9CEB8-8B4A-11D0-8D11-00A0C91BC942}") = "DummyProject", "Levels\DummyProject\DummyProject.vcxproj", "{8A8A5635-62AB-4516-A3F4-978499024724}"
	ProjectSection(ProjectDependencies) = postProject
		{A5B2650D-8283-483F-827E-CA29140CFA63} = {A5B2650D-8283-483F-827E-CA29140CFA63}
		{835CA128-691F-4CEA-A0B3-CE6E41C394E7} = {835CA128-691F-4CEA-A0B3-CE6E41C394E7}
		{1CF9F92B-666E-4B39-9DDE-B1CFBEF68618} = {1CF9F92B-666E-4B39-9DDE-B1CFBEF68618}
		{52178C86-628D-4FE4-AE55-D3485FAEC070} = {52178C86-628D-4FE4-AE55-D3485FAEC070}
		{936FA28F-E171-401F-8185-D2AF48DB4098} = {936FA28F-E171-401F-8185-D2AF48DB4098}
		{D0101596-9011-46AF-A16A-69A2BB0CCA69} = {D0101596-9011-46AF-A16A-69A2BB0CCA69}
		{2BBA0AD3-D449-4C0E-8C84-ACFA8BCA456B} = {2BBA0AD3-D449-4C0E-8C84-ACFA8BCA456B}
		{8D41CBE3-C493-428D-95F3-627E56500667} = {8D41CBE3-C493-428D-95F3-627E56500667}
		{DD3D58EF-028B-42CB-B837-0042BA30D96F} = {DD3D58EF-028B-42CB-B837-0042BA30D96F}
	EndProjectSection
EndProject
Global
	GlobalSection(SolutionConfigurationPlatforms) = preSolution
		Debug|Win32 = Debug|Win32
		Debug|x64 = Debug|x64
		MinSizeRel|Win32 = MinSizeRel|Win32
		MinSizeRel|x64 = MinSizeRel|x64
		Release|Win32 = Release|Win32
		Release|x64 = Release|x64
		RelWithDebInfo|Win32 = RelWithDebInfo|Win32
		RelWithDebInfo|x64 = RelWithDebInfo|x64
	EndGlobalSection
	GlobalSection(ProjectConfigurationPlatforms) = postSolution
		{FFFEB7B0-7616-4D75-8E3D-08C7CFD93D71}.Debug|Win32.ActiveCfg = Debug|Win32
		{FFFEB7B0-7616-4D75-8E3D-08C7CFD93D71}.Debug|Win32.Build.0 = Debug|Win32
		{FFFEB7B0-7616-4D75-8E3D-08C7CFD93D71}.Debug|x64.ActiveCfg = Debug|Win32
		{FFFEB7B0-7616-4D75-8E3D-08C7CFD93D71}.MinSizeRel|Win32.ActiveCfg = Release|Win32
		{FFFEB7B0-7616-4D75-8E3D-08C7CFD93D71}.MinSizeRel|Win32.Build.0 = Release|Win32
		{FFFEB7B0-7616-4D75-8E3D-08C7CFD93D71}.MinSizeRel|x64.ActiveCfg = Release|Win32
		{FFFEB7B0-7616-4D75-8E3D-08C7CFD93D71}.MinSizeRel|x64.Build.0 = Release|Win32
		{FFFEB7B0-7616-4D75-8E3D-08C7CFD93D71}.Release|Win32.ActiveCfg = Release|Win32
		{FFFEB7B0-7616-4D75-8E3D-08C7CFD93D71}.Release|Win32.Build.0 = Release|Win32
		{FFFEB7B0-7616-4D75-8E3D-08C7CFD93D71}.Release|x64.ActiveCfg = Release|Win32
		{FFFEB7B0-7616-4D75-8E3D-08C7CFD93D71}.RelWithDebInfo|Win32.ActiveCfg = Release|Win32
		{FFFEB7B0-7616-4D75-8E3D-08C7CFD93D71}.RelWithDebInfo|Win32.Build.0 = Release|Win32
		{FFFEB7B0-7616-4D75-8E3D-08C7CFD93D71}.RelWithDebInfo|x64.ActiveCfg = Release|Win32
		{FFFEB7B0-7616-4D75-8E3D-08C7CFD93D71}.RelWithDebInfo|x64.Build.0 = Release|Win32
		{8D41CBE3-C493-428D-95F3-627E56500667}.Debug|Win32.ActiveCfg = Debug|Win32
		{8D41CBE3-C493-428D-95F3-627E56500667}.Debug|Win32.Build.0 = Debug|Win32
		{8D41CBE3-C493-428D-95F3-627E56500667}.Debug|x64.ActiveCfg = Debug|Win32
		{8D41CBE3-C493-428D-95F3-627E56500667}.MinSizeRel|Win32.ActiveCfg = Release|Win32
		{8D41CBE3-C493-428D-95F3-627E56500667}.MinSizeRel|Win32.Build.0 = Release|Win32
		{8D41CBE3-C493-428D-95F3-627E56500667}.MinSizeRel|x64.ActiveCfg = Release|Win32
		{8D41CBE3-C493-428D-95F3-627E56500667}.MinSizeRel|x64.Build.0 = Release|Win32
		{8D41CBE3-C493-428D-95F3-627E56500667}.Release|Win32.ActiveCfg = Release|Win32
		{8D41CBE3-C493-428D-95F3-627E56500667}.Release|Win32.Build.0 = Release|Win32
		{8D41CBE3-C493-428D-95F3-627E56500667}.Release|x64.ActiveCfg = Release|Win32
		{8D41CBE3-C493-428D-95F3-627E56500667}.RelWithDebInfo|Win32.ActiveCfg = Release|Win32
		{8D41CBE3-C493-428D-95F3-627E56500667}.RelWithDebInfo|Win32.Build.0 = Release|Win32
		{8D41CBE3-C493-428D-95F3-627E56500667}.RelWithDebInfo|x64.ActiveCfg = Release|Win32
		{8D41CBE3-C493-428D-95F3-627E56500667}.RelWithDebInfo|x64.Build.0 = Release|Win32
		{2BBA0AD3-D449-4C0E-8C84-ACFA8BCA456B}.Debug|Win32.ActiveCfg = Debug|Win32
		{2BBA0AD3-D449-4C0E-8C84-ACFA8BCA456B}.Debug|Win32.Build.0 = Debug|Win32
		{2BBA0AD3-D449-4C0E-8C84-ACFA8BCA456B}.Debug|x64.ActiveCfg = Debug|Win32
		{2BBA0AD3-D449-4C0E-8C84-ACFA8BCA456B}.MinSizeRel|Win32.ActiveCfg = Release|Win32
		{2BBA0AD3-D449-4C0E-8C84-ACFA8BCA456B}.MinSizeRel|Win32.Build.0 = Release|Win32
		{2BBA0AD3-D449-4C0E-8C84-ACFA8BCA456B}.MinSizeRel|x64.ActiveCfg = Release|Win32
		{2BBA0AD3-D449-4C0E-8C84-ACFA8BCA456B}.MinSizeRel|x64.Build.0 = Release|Win32
		{2BBA0AD3-D449-4C0E-8C84-ACFA8BCA456B}.Release|Win32.ActiveCfg = Release|Win32
		{2BBA0AD3-D449-4C0E-8C84-ACFA8BCA456B}.Release|Win32.Build.0 = Release|Win32
		{2BBA0AD3-D449-4C0E-8C84-ACFA8BCA456B}.Release|x64.ActiveCfg = Release|Win32
		{2BBA0AD3-D449-4C0E-8C84-ACFA8BCA456B}.RelWithDebInfo|Win32.ActiveCfg = Release|Win32
		{2BBA0AD3-D449-4C0E-8C84-ACFA8BCA456B}.RelWithDebInfo|Win32.Build.0 = Release|Win32
		{2BBA0AD3-D449-4C0E-8C84-ACFA8BCA456B}.RelWithDebInfo|x64.ActiveCfg = Release|Win32
		{2BBA0AD3-D449-4C0E-8C84-ACFA8BCA456B}.RelWithDebInfo|x64.Build.0 = Release|Win32
		{1CF9F92B-666E-4B39-9DDE-B1CFBEF68618}.Debug|Win32.ActiveCfg = Debug|Win32
		{1CF9F92B-666E-4B39-9DDE-B1CFBEF68618}.Debug|Win32.Build.0 = Debug|Win32
		{1CF9F92B-666E-4B39-9DDE-B1CFBEF68618}.Debug|x64.ActiveCfg = Debug|Win32
		{1CF9F92B-666E-4B39-9DDE-B1CFBEF68618}.MinSizeRel|Win32.ActiveCfg = Release|Win32
		{1CF9F92B-666E-4B39-9DDE-B1CFBEF68618}.MinSizeRel|Win32.Build.0 = Release|Win32
		{1CF9F92B-666E-4B39-9DDE-B1CFBEF68618}.MinSizeRel|x64.ActiveCfg = Release|Win32
		{1CF9F92B-666E-4B39-9DDE-B1CFBEF68618}.MinSizeRel|x64.Build.0 = Release|Win32
		{1CF9F92B-666E-4B39-9DDE-B1CFBEF68618}.Release|Win32.ActiveCfg = Release|Win32
		{1CF9F92B-666E-4B39-9DDE-B1CFBEF68618}.Release|Win32.Build.0 = Release|Win32
		{1CF9F92B-666E-4B39-9DDE-B1CFBEF68618}.Release|x64.ActiveCfg = Release|Win32
		{1CF9F92B-666E-4B39-9DDE-B1CFBEF68618}.RelWithDebInfo|Win32.ActiveCfg = Release|Win32
		{1CF9F92B-666E-4B39-9DDE-B1CFBEF68618}.RelWithDebInfo|Win32.Build.0 = Release|Win32
		{1CF9F92B-666E-4B39-9DDE-B1CFBEF68618}.RelWithDebInfo|x64.ActiveCfg = Release|Win32
		{1CF9F92B-666E-4B39-9DDE-B1CFBEF68618}.RelWithDebInfo|x64.Build.0 = Release|Win32
		{DD3D58EF-028B-42CB-B837-0042BA30D96F}.Debug|Win32.ActiveCfg = Debug|Win32
		{DD3D58EF-028B-42CB-B837-0042BA30D96F}.Debug|Win32.Build.0 = Debug|Win32
		{DD3D58EF-028B-42CB-B837-0042BA30D96F}.Debug|x64.ActiveCfg = Debug|Win32
		{DD3D58EF-028B-42CB-B837-0042BA30D96F}.MinSizeRel|Win32.ActiveCfg = Release|Win32
		{DD3D58EF-028B-42CB-B837-0042BA30D96F}.MinSizeRel|Win32.Build.0 = Release|Win32
		{DD3D58EF-028B-42CB-B837-0042BA30D96F}.MinSizeRel|x64.ActiveCfg = Release|Win32
		{DD3D58EF-028B-42CB-B837-0042BA30D96F}.MinSizeRel|x64.Build.0 = Release|Win32
		{DD3D58EF-028B-42CB-B837-0042BA30D96F}.Release|Win32.ActiveCfg = Release|Win32
		{DD3D58EF-028B-42CB-B837-0042BA30D96F}.Release|Win32.Build.0 = Release|Win32
		{DD3D58EF-028B-42CB-B837-0042BA30D96F}.Release|x64.ActiveCfg = Release|Win32
		{DD3D58EF-028B-42CB-B837-0042BA30D96F}.RelWithDebInfo|Win32.ActiveCfg = Release|Win32
		{DD3D58EF-028B-42CB-B837-0042BA30D96F}.RelWithDebInfo|Win32.Build.0 = Release|Win32
		{DD3D58EF-028B-42CB-B837-0042BA30D96F}.RelWithDebInfo|x64.ActiveCfg = Release|Win32
		{DD3D58EF-028B-42CB-B837-0042BA30D96F}.RelWithDebInfo|x64.Build.0 = Release|Win32
		{CEC960D4-B8B3-463B-9F68-716C5C3C4315}.Debug|Win32.ActiveCfg = Debug|Win32
		{CEC960D4-B8B3-463B-9F68-716C5C3C4315}.Debug|Win32.Build.0 = Debug|Win32
		{CEC960D4-B8B3-463B-9F68-716C5C3C4315}.Debug|x64.ActiveCfg = Debug|Win32
		{CEC960D4-B8B3-463B-9F68-716C5C3C4315}.MinSizeRel|Win32.ActiveCfg = Release|Win32
		{CEC960D4-B8B3-463B-9F68-716C5C3C4315}.MinSizeRel|Win32.Build.0 = Release|Win32
		{CEC960D4-B8B3-463B-9F68-716C5C3C4315}.MinSizeRel|x64.ActiveCfg = Release|Win32
		{CEC960D4-B8B3-463B-9F68-716C5C3C4315}.MinSizeRel|x64.Build.0 = Release|Win32
		{CEC960D4-B8B3-463B-9F68-716C5C3C4315}.Release|Win32.ActiveCfg = Release|Win32
		{CEC960D4-B8B3-463B-9F68-716C5C3C4315}.Release|Win32.Build.0 = Release|Win32
		{CEC960D4-B8B3-463B-9F68-716C5C3C4315}.Release|x64.ActiveCfg = Release|Win32
		{CEC960D4-B8B3-463B-9F68-716C5C3C4315}.RelWithDebInfo|Win32.ActiveCfg = Release|Win32
		{CEC960D4-B8B3-463B-9F68-716C5C3C4315}.RelWithDebInfo|Win32.Build.0 = Release|Win32
		{CEC960D4-B8B3-463B-9F68-716C5C3C4315}.RelWithDebInfo|x64.ActiveCfg = Release|Win32
		{CEC960D4-B8B3-463B-9F68-716C5C3C4315}.RelWithDebInfo|x64.Build.0 = Release|Win32
		{52178C86-628D-4FE4-AE55-D3485FAEC070}.Debug|Win32.ActiveCfg = Debug|Win32
		{52178C86-628D-4FE4-AE55-D3485FAEC070}.Debug|Win32.Build.0 = Debug|Win32
		{52178C86-628D-4FE4-AE55-D3485FAEC070}.Debug|x64.ActiveCfg = Debug|Win32
		{52178C86-628D-4FE4-AE55-D3485FAEC070}.MinSizeRel|Win32.ActiveCfg = Release|Win32
		{52178C86-628D-4FE4-AE55-D3485FAEC070}.MinSizeRel|Win32.Build.0 = Release|Win32
		{52178C86-628D-4FE4-AE55-D3485FAEC070}.MinSizeRel|x64.ActiveCfg = Release|Win32
		{52178C86-628D-4FE4-AE55-D3485FAEC070}.MinSizeRel|x64.Build.0 = Release|Win32
		{52178C86-628D-4FE4-AE55-D3485FAEC070}.Release|Win32.ActiveCfg = Release|Win32
		{52178C86-628D-4FE4-AE55-D3485FAEC070}.Release|Win32.Build.0 = Release|Win32
		{52178C86-628D-4FE4-AE55-D3485FAEC070}.Release|x64.ActiveCfg = Release|Win32
		{52178C86-628D-4FE4-AE55-D3485FAEC070}.RelWithDebInfo|Win32.ActiveCfg = Release|Win32
		{52178C86-628D-4FE4-AE55-D3485FAEC070}.RelWithDebInfo|Win32.Build.0 = Release|Win32
		{52178C86-628D-4FE4-AE55-D3485FAEC070}.RelWithDebInfo|x64.ActiveCfg = Release|Win32
		{52178C86-628D-4FE4-AE55-D3485FAEC070}.RelWithDebInfo|x64.Build.0 = Release|Win32
		{D0101596-9011-46AF-A16A-69A2BB0CCA69}.Debug|Win32.ActiveCfg = Debug|Win32
		{D0101596-9011-46AF-A16A-69A2BB0CCA69}.Debug|Win32.Build.0 = Debug|Win32
		{D0101596-9011-46AF-A16A-69A2BB0CCA69}.Debug|x64.ActiveCfg = Debug|Win32
		{D0101596-9011-46AF-A16A-69A2BB0CCA69}.MinSizeRel|Win32.ActiveCfg = Release|Win32
		{D0101596-9011-46AF-A16A-69A2BB0CCA69}.MinSizeRel|Win32.Build.0 = Release|Win32
		{D0101596-9011-46AF-A16A-69A2BB0CCA69}.MinSizeRel|x64.ActiveCfg = Release|Win32
		{D0101596-9011-46AF-A16A-69A2BB0CCA69}.MinSizeRel|x64.Build.0 = Release|Win32
		{D0101596-9011-46AF-A16A-69A2BB0CCA69}.Release|Win32.ActiveCfg = Release|Win32
		{D0101596-9011-46AF-A16A-69A2BB0CCA69}.Release|Win32.Build.0 = Release|Win32
		{D0101596-9011-46AF-A16A-69A2BB0CCA69}.Release|x64.ActiveCfg = Release|Win32
		{D0101596-9011-46AF-A16A-69A2BB0CCA69}.RelWithDebInfo|Win32.ActiveCfg = Release|Win32
		{D0101596-9011-46AF-A16A-69A2BB0CCA69}.RelWithDebInfo|Win32.Build.0 = Release|Win32
		{D0101596-9011-46AF-A16A-69A2BB0CCA69}.RelWithDebInfo|x64.ActiveCfg = Release|Win32
		{D0101596-9011-46AF-A16A-69A2BB0CCA69}.RelWithDebInfo|x64.Build.0 = Release|Win32
		{AB8E1CE1-1FCB-4B17-9054-9CE101EE9E79}.Debug|Win32.ActiveCfg = Debug|Win32
		{AB8E1CE1-1FCB-4B17-9054-9CE101EE9E79}.Debug|Win32.Build.0 = Debug|Win32
		{AB8E1CE1-1FCB-4B17-9054-9CE101EE9E79}.Debug|x64.ActiveCfg = Debug|Win32
		{AB8E1CE1-1FCB-4B17-9054-9CE101EE9E79}.MinSizeRel|Win32.ActiveCfg = Release|Win32
		{AB8E1CE1-1FCB-4B17-9054-9CE101EE9E79}.MinSizeRel|Win32.Build.0 = Release|Win32
		{AB8E1CE1-1FCB-4B17-9054-9CE101EE9E79}.MinSizeRel|x64.ActiveCfg = Release|Win32
		{AB8E1CE1-1FCB-4B17-9054-9CE101EE9E79}.MinSizeRel|x64.Build.0 = Release|Win32
		{AB8E1CE1-1FCB-4B17-9054-9CE101EE9E79}.Release|Win32.ActiveCfg = Release|Win32
		{AB8E1CE1-1FCB-4B17-9054-9CE101EE9E79}.Release|Win32.Build.0 = Release|Win32
		{AB8E1CE1-1FCB-4B17-9054-9CE101EE9E79}.Release|x64.ActiveCfg = Release|Win32
		{AB8E1CE1-1FCB-4B17-9054-9CE101EE9E79}.RelWithDebInfo|Win32.ActiveCfg = Release|Win32
		{AB8E1CE1-1FCB-4B17-9054-9CE101EE9E79}.RelWithDebInfo|Win32.Build.0 = Release|Win32
		{AB8E1CE1-1FCB-4B17-9054-9CE101EE9E79}.RelWithDebInfo|x64.ActiveCfg = Release|Win32
		{AB8E1CE1-1FCB-4B17-9054-9CE101EE9E79}.RelWithDebInfo|x64.Build.0 = Release|Win32
		{936FA28F-E171-401F-8185-D2AF48DB4098}.Debug|Win32.ActiveCfg = Debug|Win32
		{936FA28F-E171-401F-8185-D2AF48DB4098}.Debug|Win32.Build.0 = Debug|Win32
		{936FA28F-E171-401F-8185-D2AF48DB4098}.Debug|x64.ActiveCfg = Debug|Win32
		{936FA28F-E171-401F-8185-D2AF48DB4098}.MinSizeRel|Win32.ActiveCfg = Release|Win32
		{936FA28F-E171-401F-8185-D2AF48DB4098}.MinSizeRel|Win32.Build.0 = Release|Win32
		{936FA28F-E171-401F-8185-D2AF48DB4098}.MinSizeRel|x64.ActiveCfg = Release|Win32
		{936FA28F-E171-401F-8185-D2AF48DB4098}.MinSizeRel|x64.Build.0 = Release|Win32
		{936FA28F-E171-401F-8185-D2AF48DB4098}.Release|Win32.ActiveCfg = Release|Win32
		{936FA28F-E171-401F-8185-D2AF48DB4098}.Release|Win32.Build.0 = Release|Win32
		{936FA28F-E171-401F-8185-D2AF48DB4098}.Release|x64.ActiveCfg = Release|Win32
		{936FA28F-E171-401F-8185-D2AF48DB4098}.RelWithDebInfo|Win32.ActiveCfg = Release|Win32
		{936FA28F-E171-401F-8185-D2AF48DB4098}.RelWithDebInfo|Win32.Build.0 = Release|Win32
		{936FA28F-E171-401F-8185-D2AF48DB4098}.RelWithDebInfo|x64.ActiveCfg = Release|Win32
		{936FA28F-E171-401F-8185-D2AF48DB4098}.RelWithDebInfo|x64.Build.0 = Release|Win32
		{647D7522-76F5-459E-8023-73BF424B9AF0}.Debug|Win32.ActiveCfg = Debug|Win32
		{647D7522-76F5-459E-8023-73BF424B9AF0}.Debug|Win32.Build.0 = Debug|Win32
		{647D7522-76F5-459E-8023-73BF424B9AF0}.Debug|x64.ActiveCfg = Debug|Win32
		{647D7522-76F5-459E-8023-73BF424B9AF0}.MinSizeRel|Win32.ActiveCfg = Release|Win32
		{647D7522-76F5-459E-8023-73BF424B9AF0}.MinSizeRel|Win32.Build.0 = Release|Win32
		{647D7522-76F5-459E-8023-73BF424B9AF0}.MinSizeRel|x64.ActiveCfg = Release|Win32
		{647D7522-76F5-459E-8023-73BF424B9AF0}.MinSizeRel|x64.Build.0 = Release|Win32
		{647D7522-76F5-459E-8023-73BF424B9AF0}.Release|Win32.ActiveCfg = Release|Win32
		{647D7522-76F5-459E-8023-73BF424B9AF0}.Release|Win32.Build.0 = Release|Win32
		{647D7522-76F5-459E-8023-73BF424B9AF0}.Release|x64.ActiveCfg = Release|Win32
		{647D7522-76F5-459E-8023-73BF424B9AF0}.RelWithDebInfo|Win32.ActiveCfg = Release|Win32
		{647D7522-76F5-459E-8023-73BF424B9AF0}.RelWithDebInfo|Win32.Build.0 = Release|Win32
		{647D7522-76F5-459E-8023-73BF424B9AF0}.RelWithDebInfo|x64.ActiveCfg = Release|Win32
		{647D7522-76F5-459E-8023-73BF424B9AF0}.RelWithDebInfo|x64.Build.0 = Release|Win32
		{835CA128-691F-4CEA-A0B3-CE6E41C394E7}.Debug|Win32.ActiveCfg = Debug|Win32
		{835CA128-691F-4CEA-A0B3-CE6E41C394E7}.Debug|Win32.Build.0 = Debug|Win32
		{835CA128-691F-4CEA-A0B3-CE6E41C394E7}.Debug|x64.ActiveCfg = Debug|Win32
		{835CA128-691F-4CEA-A0B3-CE6E41C394E7}.MinSizeRel|Win32.ActiveCfg = Release|Win32
		{835CA128-691F-4CEA-A0B3-CE6E41C394E7}.MinSizeRel|Win32.Build.0 = Release|Win32
		{835CA128-691F-4CEA-A0B3-CE6E41C394E7}.MinSizeRel|x64.ActiveCfg = Release|Win32
		{835CA128-691F-4CEA-A0B3-CE6E41C394E7}.MinSizeRel|x64.Build.0 = Release|Win32
		{835CA128-691F-4CEA-A0B3-CE6E41C394E7}.Release|Win32.ActiveCfg = Release|Win32
		{835CA128-691F-4CEA-A0B3-CE6E41C394E7}.Release|Win32.Build.0 = Release|Win32
		{835CA128-691F-4CEA-A0B3-CE6E41C394E7}.Release|x64.ActiveCfg = Release|Win32
		{835CA128-691F-4CEA-A0B3-CE6E41C394E7}.RelWithDebInfo|Win32.ActiveCfg = Release|Win32
		{835CA128-691F-4CEA-A0B3-CE6E41C394E7}.RelWithDebInfo|Win32.Build.0 = Release|Win32
		{835CA128-691F-4CEA-A0B3-CE6E41C394E7}.RelWithDebInfo|x64.ActiveCfg = Release|Win32
		{835CA128-691F-4CEA-A0B3-CE6E41C394E7}.RelWithDebInfo|x64.Build.0 = Release|Win32
		{A5B2650D-8283-483F-827E-CA29140CFA63}.Debug|Win32.ActiveCfg = Debug|Win32
		{A5B2650D-8283-483F-827E-CA29140CFA63}.Debug|Win32.Build.0 = Debug|Win32
		{A5B2650D-8283-483F-827E-CA29140CFA63}.Debug|x64.ActiveCfg = Debug|Win32
		{A5B2650D-8283-483F-827E-CA29140CFA63}.MinSizeRel|Win32.ActiveCfg = Release|Win32
		{A5B2650D-8283-483F-827E-CA29140CFA63}.MinSizeRel|Win32.Build.0 = Release|Win32
		{A5B2650D-8283-483F-827E-CA29140CFA63}.MinSizeRel|x64.ActiveCfg = Release|Win32
		{A5B2650D-8283-483F-827E-CA29140CFA63}.MinSizeRel|x64.Build.0 = Release|Win32
		{A5B2650D-8283-483F-827E-CA29140CFA63}.Release|Win32.ActiveCfg = Release|Win32
		{A5B2650D-8283-483F-827E-CA29140CFA63}.Release|Win32.Build.0 = Release|Win32
		{A5B2650D-8283-483F-827E-CA29140CFA63}.Release|x64.ActiveCfg = Release|Win32
		{A5B2650D-8283-483F-827E-CA29140CFA63}.RelWithDebInfo|Win32.ActiveCfg = Release|Win32
		{A5B2650D-8283-483F-827E-CA29140CFA63}.RelWithDebInfo|Win32.Build.0 = Release|Win32
		{A5B2650D-8283-483F-827E-CA29140CFA63}.RelWithDebInfo|x64.ActiveCfg = Release|Win32
		{A5B2650D-8283-483F-827E-CA29140CFA63}.RelWithDebInfo|x64.Build.0 = Release|Win32
		{8A8A5635-62AB-4516-A3F4-978499024724}.Debug|Win32.ActiveCfg = Debug|Win32
		{8A8A5635-62AB-4516-A3F4-978499024724}.Debug|Win32.Build.0 = Debug|Win32
		{8A8A5635-62AB-4516-A3F4-978499024724}.Debug|x64.ActiveCfg = Debug|x64
		{8A8A5635-62AB-4516-A3F4-978499024724}.Debug|x64.Build.0 = Debug|x64
		{8A8A5635-62AB-4516-A3F4-978499024724}.MinSizeRel|Win32.ActiveCfg = Release|Win32
		{8A8A5635-62AB-4516-A3F4-978499024724}.MinSizeRel|Win32.Build.0 = Release|Win32
		{8A8A5635-62AB-4516-A3F4-978499024724}.MinSizeRel|x64.ActiveCfg = Release|x64
		{8A8A5635-62AB-4516-A3F4-978499024724}.MinSizeRel|x64.Build.0 = Release|x64
		{8A8A5635-62AB-4516-A3F4-978499024724}.Release|Win32.ActiveCfg = Release|Win32
		{8A8A5635-62AB-4516-A3F4-978499024724}.Release|Win32.Build.0 = Release|Win32
		{8A8A5635-62AB-4516-A3F4-978499024724}.Release|x64.ActiveCfg = Release|x64
		{8A8A5635-62AB-4516-A3F4-978499024724}.Release|x64.Build.0 = Release|x64
		{8A8A5635-62AB-4516-A3F4-978499024724}.RelWithDebInfo|Win32.ActiveCfg = Release|Win32
		{8A8A5635-62AB-4516-A3F4-978499024724}.RelWithDebInfo|Win32.Build.0 = Release|Win32
		{8A8A5635-62AB-4516-A3F4-978499024724}.RelWithDebInfo|x64.ActiveCfg = Release|x64
		{8A8A5635-62AB-4516-A3F4-978499024724}.RelWithDebInfo|x64.Build.0 = Release|x64
	EndGlobalSection
	GlobalSection(SolutionProperties) = preSolution
		HideSolutionNode = FALSE
	EndGlobalSection
	GlobalSection(NestedProjects) = preSolution
		{FFFEB7B0-7616-4D75-8E3D-08C7CFD93D71} = {86CA7611-D55D-411B-8784-187D12107EE0}
		{8D41CBE3-C493-428D-95F3-627E56500667} = {2291F464-9B87-42F1-AA90-34FE22DD5F9B}
		{2BBA0AD3-D449-4C0E-8C84-ACFA8BCA456B} = {2291F464-9B87-42F1-AA90-34FE22DD5F9B}
		{1CF9F92B-666E-4B39-9DDE-B1CFBEF68618} = {2291F464-9B87-42F1-AA90-34FE22DD5F9B}
		{DD3D58EF-028B-42CB-B837-0042BA30D96F} = {2291F464-9B87-42F1-AA90-34FE22DD5F9B}
		{CEC960D4-B8B3-463B-9F68-716C5C3C4315} = {86CA7611-D55D-411B-8784-187D12107EE0}
		{52178C86-628D-4FE4-AE55-D3485FAEC070} = {2291F464-9B87-42F1-AA90-34FE22DD5F9B}
		{D0101596-9011-46AF-A16A-69A2BB0CCA69} = {2291F464-9B87-42F1-AA90-34FE22DD5F9B}
		{EBA25838-6955-40C1-B5A9-68B931306AEC} = {86CA7611-D55D-411B-8784-187D12107EE0}
		{AB8E1CE1-1FCB-4B17-9054-9CE101EE9E79} = {EBA25838-6955-40C1-B5A9-68B931306AEC}
		{936FA28F-E171-401F-8185-D2AF48DB4098} = {2291F464-9B87-42F1-AA90-34FE22DD5F9B}
		{647D7522-76F5-459E-8023-73BF424B9AF0} = {EBA25838-6955-40C1-B5A9-68B931306AEC}
		{835CA128-691F-4CEA-A0B3-CE6E41C394E7} = {2291F464-9B87-42F1-AA90-34FE22DD5F9B}
		{A5B2650D-8283-483F-827E-CA29140CFA63} = {2291F464-9B87-42F1-AA90-34FE22DD5F9B}
		{8A8A5635-62AB-4516-A3F4-978499024724} = {985EFEB6-F25F-4707-ABDD-5E3458441C08}
	EndGlobalSection
EndGlobal
