<?xml version="1.0" encoding="utf-8"?>
<Project ToolsVersion="4.0" xmlns="http://schemas.microsoft.com/developer/msbuild/2003">
  <ItemGroup>
    <Filter Include="Header Files">
      <UniqueIdentifier>{4FC737F1-C7A5-4376-A066-2A32D752A2FF}</UniqueIdentifier>
      <Extensions>h;hh;hpp;hxx;hm;inl;inc;xsd</Extensions>
    </Filter>
    <Filter Include="Source Files">
      <UniqueIdentifier>{93995380-89BD-4b04-88EB-625FBE52EBFB}</UniqueIdentifier>
      <Extensions>cpp;c;cxx;rc;def;r;odl;idl;hpj;bat</Extensions>
    </Filter>
    <Filter Include="Docs">
      <UniqueIdentifier>{67DA6AB6-F800-4c08-8B7A-83BB121AAD01}</UniqueIdentifier>
    </Filter>
  </ItemGroup>
  <ItemGroup>
    <ClInclude Include="LoadResult.h">
      <Filter>Header Files</Filter>
    </ClInclude>
    <ClInclude Include="JsonDefinitionLoader.h">
      <Filter>Header Files</Filter>
    </ClInclude>
    <ClInclude Include="AssetTypeDescriptor.h">
      <Filter>Header Files</Filter>
    </ClInclude>
    <ClInclude Include="AssetTypeRegistry.h">
      <Filter>Header Files</Filter>
    </ClInclude>
    <ClInclude Include="BuiltInAssetTypes.h">
      <Filter>Header Files</Filter>
    </ClInclude>
    <ClInclude Include="AssetRecord.h">
      <Filter>Header Files</Filter>
    </ClInclude>
    <ClInclude Include="RelationshipTypes.h">
      <Filter>Header Files</Filter>
    </ClInclude>
    <ClInclude Include="RelationshipIndex.h">
      <Filter>Header Files</Filter>
    </ClInclude>
    <ClInclude Include="AssetRegistry.h">
      <Filter>Header Files</Filter>
    </ClInclude>
    <ClInclude Include="CatalogueManifestSerializer.h">
      <Filter>Header Files</Filter>
    </ClInclude>
    <ClInclude Include="ContentHasher.h">
      <Filter>Header Files</Filter>
    </ClInclude>
    <ClInclude Include="ScopeComputer.h">
      <Filter>Header Files</Filter>
    </ClInclude>
    <ClInclude Include="RelationshipInferrer.h">
      <Filter>Header Files</Filter>
    </ClInclude>
    <ClInclude Include="CatalogueRulesEngine.h">
      <Filter>Header Files</Filter>
    </ClInclude>
  </ItemGroup>
  <ItemGroup>
    <ClCompile Include="JsonDefinitionLoader.cpp">
      <Filter>Source Files</Filter>
    </ClCompile>
    <ClCompile Include="AssetTypeRegistry.cpp">
      <Filter>Source Files</Filter>
    </ClCompile>
    <ClCompile Include="BuiltInAssetTypes.cpp">
      <Filter>Source Files</Filter>
    </ClCompile>
    <ClCompile Include="RelationshipTypes.cpp">
      <Filter>Source Files</Filter>
    </ClCompile>
    <ClCompile Include="AssetRegistry.cpp">
      <Filter>Source Files</Filter>
    </ClCompile>
    <ClCompile Include="RelationshipIndex.cpp">
      <Filter>Source Files</Filter>
    </ClCompile>
    <ClCompile Include="CatalogueManifestSerializer.cpp">
      <Filter>Source Files</Filter>
    </ClCompile>
    <ClCompile Include="ContentHasher.cpp">
      <Filter>Source Files</Filter>
    </ClCompile>
    <ClCompile Include="ScopeComputer.cpp">
      <Filter>Source Files</Filter>
    </ClCompile>
    <ClCompile Include="RelationshipInferrer.cpp">
      <Filter>Source Files</Filter>
    </ClCompile>
    <ClCompile Include="CatalogueRulesEngine.cpp">
      <Filter>Source Files</Filter>
    </ClCompile>
  </ItemGroup>
  <ItemGroup>
    <None Include="JsonDefinitionLoader.inl">
      <Filter>Header Files</Filter>
    </None>
    <None Include="dia.assetcatalogue.architecture.module.md">
      <Filter>Docs</Filter>
    </None>
  </ItemGroup>
</Project>
