<?xml version="1.0" encoding="utf-8"?>
<Project ToolsVersion="4.0" xmlns="http://schemas.microsoft.com/developer/msbuild/2003">
  <ItemGroup>
    <Filter Include="ApplicationFlow">
      <UniqueIdentifier>{cb998eec-267d-4eee-bc14-f40d3b64cdc8}</UniqueIdentifier>
    </Filter>
    <Filter Include="ApplicationFlow\Modules">
      <UniqueIdentifier>{3c25b1d8-299a-4a1b-ad3e-fa82cc4b198a}</UniqueIdentifier>
    </Filter>
    <Filter Include="Pages">
      <UniqueIdentifier>{d7e19b4c-2f31-4a88-9e26-85c4f3a1b872}</UniqueIdentifier>
    </Filter>
  </ItemGroup>
  <ItemGroup>
    <ClCompile Include="Main.cpp" />
    <ClCompile Include="Modules\BootUIPageModule.cpp">
      <Filter>ApplicationFlow\Modules</Filter>
    </ClCompile>
    <ClCompile Include="Pages\LaunchUIPage.cpp">
      <Filter>Pages</Filter>
    </ClCompile>
  </ItemGroup>
  <ItemGroup>
    <ClInclude Include="Modules\BootUIPageModule.h">
      <Filter>ApplicationFlow\Modules</Filter>
    </ClInclude>
    <ClInclude Include="Pages\LaunchUIPage.h">
      <Filter>Pages</Filter>
    </ClInclude>
  </ItemGroup>
</Project>
