<?xml version="1.0" encoding="utf-8"?>
<Project ToolsVersion="4.0" xmlns="http://schemas.microsoft.com/developer/msbuild/2003">
  <ItemGroup>
    <Filter Include="Docs">
      <UniqueIdentifier>{DSMCH001-A1B2-C3D4-E5F6-789012345678}</UniqueIdentifier>
    </Filter>
    <Filter Include="Testing">
      <UniqueIdentifier>{DSMCH002-A1B2-C3D4-E5F6-789012345678}</UniqueIdentifier>
    </Filter>
  </ItemGroup>
  <ItemGroup>
    <ClInclude Include="IStateMachineInspectable.h" />
    <ClInclude Include="IStateMachineSerializer.h" />
    <ClInclude Include="JsonStateMachineSerializer.h" />
    <ClInclude Include="StateMachineDefinition.h" />
    <ClInclude Include="StateMachineBuilder.h" />
    <ClInclude Include="FlatStateMachine.h" />
    <ClInclude Include="HierarchicalStateMachineDefinition.h" />
    <ClInclude Include="HierarchicalStateMachineBuilder.h" />
    <ClInclude Include="HierarchicalStateMachine.h" />
    <ClInclude Include="PushdownAutomatonDefinition.h" />
    <ClInclude Include="PushdownAutomatonBuilder.h" />
    <ClInclude Include="PushdownAutomaton.h" />
    <ClInclude Include="CallbackRegistry.h" />
    <ClInclude Include="StateMachineTracer.h" />
    <ClInclude Include="StateMachineComponent.h" />
    <ClInclude Include="Testing\StateMachineTestHelpers.h">
      <Filter>Testing</Filter>
    </ClInclude>
    <ClInclude Include="Testing\TransitionRecorder.h">
      <Filter>Testing</Filter>
    </ClInclude>
  </ItemGroup>
  <ItemGroup>
    <ClCompile Include="JsonStateMachineSerializer.cpp" />
    <ClCompile Include="StateMachineDefinition.cpp" />
    <ClCompile Include="StateMachineBuilder.cpp" />
    <ClCompile Include="HierarchicalStateMachineDefinition.cpp" />
    <ClCompile Include="HierarchicalStateMachineBuilder.cpp" />
    <ClCompile Include="PushdownAutomatonDefinition.cpp" />
    <ClCompile Include="PushdownAutomatonBuilder.cpp" />
    <ClCompile Include="CallbackRegistry.cpp" />
    <ClCompile Include="StateMachineTracer.cpp" />
    <ClCompile Include="StateMachineComponent.cpp" />
  </ItemGroup>
  <ItemGroup>
    <None Include="Docs\dia.statemachine.architecture.module.md">
      <Filter>Docs</Filter>
    </None>
  </ItemGroup>
</Project>
