<?xml version="1.0" encoding="utf-8"?>
<Project ToolsVersion="4.0" xmlns="http://schemas.microsoft.com/developer/msbuild/2003">
  <ItemGroup>
    <Filter Include="Docs">
      <UniqueIdentifier>{DIAOR001-A1B2-C3D4-E5F6-789012345678}</UniqueIdentifier>
    </Filter>
    <Filter Include="Testing">
      <UniqueIdentifier>{DIAOR002-A1B2-C3D4-E5F6-789012345678}</UniqueIdentifier>
    </Filter>
  </ItemGroup>
  <ItemGroup>
    <ClInclude Include="IOrder.h" />
    <ClInclude Include="IOrderQueueObserver.h" />
    <ClInclude Include="OrderQueue.h" />
    <ClInclude Include="OrderQueue.inl" />
    <ClInclude Include="OrderMessage.h" />
    <ClInclude Include="OrderQueueComponent.h" />
    <ClInclude Include="Testing\OrderTestHelpers.h">
      <Filter>Testing</Filter>
    </ClInclude>
  </ItemGroup>
  <ItemGroup>
    <ClCompile Include="OrderQueue.cpp" />
    <ClCompile Include="OrderQueueComponent.cpp" />
  </ItemGroup>
  <ItemGroup>
    <None Include="Docs\dia.order.architecture.module.md">
      <Filter>Docs</Filter>
    </None>
  </ItemGroup>
</Project>
