<?xml version="1.0" encoding="utf-8"?>
<Project ToolsVersion="4.0" xmlns="http://schemas.microsoft.com/developer/msbuild/2003">
  <ItemGroup>
    <Filter Include="Header Files">
      <UniqueIdentifier>{93995380-89BD-4b04-88EB-625FBE52EBFB}</UniqueIdentifier>
      <Extensions>h;hh;hpp;hxx;hm;inl;inc;ipp;xsd</Extensions>
    </Filter>
    <Filter Include="Source Files">
      <UniqueIdentifier>{4FC737F1-C7A5-4376-A066-2A32D752A2FF}</UniqueIdentifier>
      <Extensions>cpp;c;cc;cxx;def;odl;idl;hpj;bat;asm;asmx</Extensions>
    </Filter>
  </ItemGroup>
  <ItemGroup>
    <ClInclude Include="CEFUISystem.h">
      <Filter>Header Files</Filter>
    </ClInclude>
    <ClInclude Include="CEFProcessHandler.h">
      <Filter>Header Files</Filter>
    </ClInclude>
    <ClInclude Include="CEFPage.h">
      <Filter>Header Files</Filter>
    </ClInclude>
    <ClInclude Include="CEFRenderHandler.h">
      <Filter>Header Files</Filter>
    </ClInclude>
    <ClInclude Include="CEFClientHandler.h">
      <Filter>Header Files</Filter>
    </ClInclude>
    <ClInclude Include="CEFSchemeHandler.h">
      <Filter>Header Files</Filter>
    </ClInclude>
    <ClInclude Include="CEFJavaScriptBridge.h">
      <Filter>Header Files</Filter>
    </ClInclude>
    <ClInclude Include="CEFUtils.h">
      <Filter>Header Files</Filter>
    </ClInclude>
  </ItemGroup>
  <ItemGroup>
    <ClCompile Include="CEFUISystem.cpp">
      <Filter>Source Files</Filter>
    </ClCompile>
    <ClCompile Include="CEFProcessHandler.cpp">
      <Filter>Source Files</Filter>
    </ClCompile>
    <ClCompile Include="CEFPage.cpp">
      <Filter>Source Files</Filter>
    </ClCompile>
    <ClCompile Include="CEFRenderHandler.cpp">
      <Filter>Source Files</Filter>
    </ClCompile>
    <ClCompile Include="CEFClientHandler.cpp">
      <Filter>Source Files</Filter>
    </ClCompile>
    <ClCompile Include="CEFSchemeHandler.cpp">
      <Filter>Source Files</Filter>
    </ClCompile>
    <ClCompile Include="CEFJavaScriptBridge.cpp">
      <Filter>Source Files</Filter>
    </ClCompile>
  </ItemGroup>
</Project>
