<?xml version="1.0" encoding="utf-8"?>
<Project ToolsVersion="4.0" xmlns="http://schemas.microsoft.com/developer/msbuild/2003">
  <ItemGroup>
    <ClInclude Include="DummyClass.h" />
    <ClInclude Include="DummyProject.h" />
  </ItemGroup>
  <ItemGroup>
    <ClCompile Include="DummyClass.cpp" />
    <ClCompile Include="DummyProject.cpp" />
  </ItemGroup>
</Project>