<?xml version="1.0" encoding="utf-8"?>
<Project ToolsVersion="4.0" xmlns="http://schemas.microsoft.com/developer/msbuild/2003">
  <ItemGroup>
    <ClCompile Include="Misc\RGBA.cpp">
      <Filter>Misc</Filter>
    </ClCompile>
    <ClCompile Include="Misc\RenderStates.cpp">
      <Filter>Misc</Filter>
    </ClCompile>
    <ClCompile Include="Misc\Transform.cpp">
      <Filter>Misc</Filter>
    </ClCompile>
    <ClCompile Include="Misc\Vertex.cpp">
      <Filter>Misc</Filter>
    </ClCompile>
    <ClCompile Include="Frame\FrameData.cpp">
      <Filter>Frame</Filter>
    </ClCompile>
    <ClCompile Include="Frame\DebugFrameData.cpp">
      <Filter>Frame</Filter>
    </ClCompile>
    <ClCompile Include="Frame\UIFrameData.cpp">
      <Filter>Frame</Filter>
    </ClCompile>
    <ClCompile Include="Frame\EntityFrameData.cpp">
      <Filter>Frame</Filter>
    </ClCompile>
    <ClCompile Include="Frame\SpriteDrawCommand.cpp">
      <Filter>Frame</Filter>
    </ClCompile>
  </ItemGroup>
  <ItemGroup>
    <ClInclude Include="Interface\IView.h">
      <Filter>Interface</Filter>
    </ClInclude>
    <ClInclude Include="Interface\ICanvas.h">
      <Filter>Interface</Filter>
    </ClInclude>
    <ClInclude Include="Interface\IDrawable.h">
      <Filter>Interface</Filter>
    </ClInclude>
    <ClInclude Include="Interface\IRenderTarget.h">
      <Filter>Interface</Filter>
    </ClInclude>
    <ClInclude Include="Misc\RGBA.h">
      <Filter>Misc</Filter>
    </ClInclude>
    <ClInclude Include="Misc\PrimitiveType.h">
      <Filter>Misc</Filter>
    </ClInclude>
    <ClInclude Include="Misc\RenderStates.h">
      <Filter>Misc</Filter>
    </ClInclude>
    <ClInclude Include="Misc\Transform.h">
      <Filter>Misc</Filter>
    </ClInclude>
    <ClInclude Include="Misc\Vertex.h">
      <Filter>Misc</Filter>
    </ClInclude>
    <ClInclude Include="Assets\ITexture.h">
      <Filter>Assets</Filter>
    </ClInclude>
    <ClInclude Include="Assets\IShader.h">
      <Filter>Assets</Filter>
    </ClInclude>
    <ClInclude Include="Frame\FrameData.h">
      <Filter>Frame</Filter>
    </ClInclude>
    <ClInclude Include="Frame\DebugFrameData.h">
      <Filter>Frame</Filter>
    </ClInclude>
    <ClInclude Include="Frame\DebugPrimitive.h">
      <Filter>Frame</Filter>
    </ClInclude>
    <ClInclude Include="Frame\DebugFrameDataVisitor.h">
      <Filter>Frame</Filter>
    </ClInclude>
    <ClInclude Include="Frame\UIFrameData.h">
      <Filter>Frame</Filter>
    </ClInclude>
    <ClInclude Include="Frame\EntityFrameData.h">
      <Filter>Frame</Filter>
    </ClInclude>
    <ClInclude Include="Frame\EntityFrameDataVisitor.h">
      <Filter>Frame</Filter>
    </ClInclude>
    <ClInclude Include="Frame\SpriteDrawCommand.h">
      <Filter>Frame</Filter>
    </ClInclude>
  </ItemGroup>
  <ItemGroup>
    <Filter Include="Assets">
      <UniqueIdentifier>{a1b2c3d4-e5f6-7890-abcd-ef1234567890}</UniqueIdentifier>
    </Filter>
    <Filter Include="Frame">
      <UniqueIdentifier>{81bc9439-ca54-4c90-9919-27647de0fff6}</UniqueIdentifier>
    </Filter>
    <Filter Include="Interface">
      <UniqueIdentifier>{6840bf93-b82e-46ef-80d7-6be5d332ceae}</UniqueIdentifier>
    </Filter>
    <Filter Include="Misc">
      <UniqueIdentifier>{71a9b7ee-c0d2-4041-b9ca-02c4f519b545}</UniqueIdentifier>
    </Filter>
    <Filter Include="Testing">
      <UniqueIdentifier>{B7C8D9E0-F1A2-3456-7890-123456A01234}</UniqueIdentifier>
    </Filter>
  </ItemGroup>
  <ItemGroup>
    <ClInclude Include="Testing\MockVisitors.h">
      <Filter>Testing</Filter>
    </ClInclude>
  </ItemGroup>
</Project>