<?xml version="1.0" encoding="utf-8"?>
<Project ToolsVersion="4.0" xmlns="http://schemas.microsoft.com/developer/msbuild/2003">
  <ItemGroup>
    <ClInclude Include="Canvas3D.h">
      <Filter>Headers</Filter>
    </ClInclude>
    <ClInclude Include="Resources\MaterialRegistry.h">
      <Filter>Resources</Filter>
    </ClInclude>
    <ClInclude Include="Resources\MeshGpuCache.h">
      <Filter>Resources</Filter>
    </ClInclude>
    <ClCompile Include="Canvas3D.cpp">
      <Filter>Source</Filter>
    </ClCompile>
    <ClCompile Include="Resources\MaterialRegistry.cpp">
      <Filter>Resources</Filter>
    </ClCompile>
    <ClCompile Include="Resources\MeshGpuCache.cpp">
      <Filter>Resources</Filter>
    </ClCompile>
  </ItemGroup>
  <ItemGroup>
    <Filter Include="Source">
      <UniqueIdentifier>{11111111-1111-1111-1111-211111111111}</UniqueIdentifier>
    </Filter>
    <Filter Include="Headers">
      <UniqueIdentifier>{22222222-2222-2222-2222-222222222222}</UniqueIdentifier>
    </Filter>
    <Filter Include="Resources">
      <UniqueIdentifier>{44444444-4444-4444-4444-244444444444}</UniqueIdentifier>
    </Filter>
  </ItemGroup>
</Project>
